
Microsoft Visual Studio Solution File, Format Version 12.00
# Visual Studio 15
VisualStudioVersion = 15.0.26124.0
MinimumVisualStudioVersion = 15.0.26124.0
Project("{FAE04EC0-301F-11D3-BF4B-00C04F79EFBC}") = "HeroesModel", "HeroesModel\HeroesModel.csproj", "{F9C89739-26A4-42DE-B6BB-135B1ECAA580}"
EndProject
Project("{FAE04EC0-301F-11D3-BF4B-00C04F79EFBC}") = "HeroesApi", "HeroesApi\HeroesApi.csproj", "{8BE23A90-7855-4291-9E51-B266861C96B9}"
EndProject
Project("{FAE04EC0-301F-11D3-BF4B-00C04F79EFBC}") = "HeroesRazorLib", "HeroesRazorLib\HeroesRazorLib.csproj", "{9830C585-C393-484A-B9AF-4A4CC753AD90}"
EndProject
Project("{FAE04EC0-301F-11D3-BF4B-00C04F79EFBC}") = "HeroesServer", "HeroesServer\HeroesServer.csproj", "{94FE4811-BD25-4970-9D9F-FDC616305A25}"
EndProject
Project("{FAE04EC0-301F-11D3-BF4B-00C04F79EFBC}") = "HeroesWasm.Client", "HeroesWasm\HeroesWasm.Client.csproj", "{0E5842E0-649A-40C1-AA4F-F5B86A58AA4F}"
EndProject
Global
	GlobalSection(SolutionConfigurationPlatforms) = preSolution
		Debug|Any CPU = Debug|Any CPU
		Debug|x64 = Debug|x64
		Debug|x86 = Debug|x86
		Release|Any CPU = Release|Any CPU
		Release|x64 = Release|x64
		Release|x86 = Release|x86
	EndGlobalSection
	GlobalSection(SolutionProperties) = preSolution
		HideSolutionNode = FALSE
	EndGlobalSection
	GlobalSection(ProjectConfigurationPlatforms) = postSolution
		{F9C89739-26A4-42DE-B6BB-135B1ECAA580}.Debug|Any CPU.ActiveCfg = Debug|Any CPU
		{F9C89739-26A4-42DE-B6BB-135B1ECAA580}.Debug|Any CPU.Build.0 = Debug|Any CPU
		{F9C89739-26A4-42DE-B6BB-135B1ECAA580}.Debug|x64.ActiveCfg = Debug|Any CPU
		{F9C89739-26A4-42DE-B6BB-135B1ECAA580}.Debug|x64.Build.0 = Debug|Any CPU
		{F9C89739-26A4-42DE-B6BB-135B1ECAA580}.Debug|x86.ActiveCfg = Debug|Any CPU
		{F9C89739-26A4-42DE-B6BB-135B1ECAA580}.Debug|x86.Build.0 = Debug|Any CPU
		{F9C89739-26A4-42DE-B6BB-135B1ECAA580}.Release|Any CPU.ActiveCfg = Release|Any CPU
		{F9C89739-26A4-42DE-B6BB-135B1ECAA580}.Release|Any CPU.Build.0 = Release|Any CPU
		{F9C89739-26A4-42DE-B6BB-135B1ECAA580}.Release|x64.ActiveCfg = Release|Any CPU
		{F9C89739-26A4-42DE-B6BB-135B1ECAA580}.Release|x64.Build.0 = Release|Any CPU
		{F9C89739-26A4-42DE-B6BB-135B1ECAA580}.Release|x86.ActiveCfg = Release|Any CPU
		{F9C89739-26A4-42DE-B6BB-135B1ECAA580}.Release|x86.Build.0 = Release|Any CPU
		{8BE23A90-7855-4291-9E51-B266861C96B9}.Debug|Any CPU.ActiveCfg = Debug|Any CPU
		{8BE23A90-7855-4291-9E51-B266861C96B9}.Debug|Any CPU.Build.0 = Debug|Any CPU
		{8BE23A90-7855-4291-9E51-B266861C96B9}.Debug|x64.ActiveCfg = Debug|Any CPU
		{8BE23A90-7855-4291-9E51-B266861C96B9}.Debug|x64.Build.0 = Debug|Any CPU
		{8BE23A90-7855-4291-9E51-B266861C96B9}.Debug|x86.ActiveCfg = Debug|Any CPU
		{8BE23A90-7855-4291-9E51-B266861C96B9}.Debug|x86.Build.0 = Debug|Any CPU
		{8BE23A90-7855-4291-9E51-B266861C96B9}.Release|Any CPU.ActiveCfg = Release|Any CPU
		{8BE23A90-7855-4291-9E51-B266861C96B9}.Release|Any CPU.Build.0 = Release|Any CPU
		{8BE23A90-7855-4291-9E51-B266861C96B9}.Release|x64.ActiveCfg = Release|Any CPU
		{8BE23A90-7855-4291-9E51-B266861C96B9}.Release|x64.Build.0 = Release|Any CPU
		{8BE23A90-7855-4291-9E51-B266861C96B9}.Release|x86.ActiveCfg = Release|Any CPU
		{8BE23A90-7855-4291-9E51-B266861C96B9}.Release|x86.Build.0 = Release|Any CPU
		{9830C585-C393-484A-B9AF-4A4CC753AD90}.Debug|Any CPU.ActiveCfg = Debug|Any CPU
		{9830C585-C393-484A-B9AF-4A4CC753AD90}.Debug|Any CPU.Build.0 = Debug|Any CPU
		{9830C585-C393-484A-B9AF-4A4CC753AD90}.Debug|x64.ActiveCfg = Debug|Any CPU
		{9830C585-C393-484A-B9AF-4A4CC753AD90}.Debug|x64.Build.0 = Debug|Any CPU
		{9830C585-C393-484A-B9AF-4A4CC753AD90}.Debug|x86.ActiveCfg = Debug|Any CPU
		{9830C585-C393-484A-B9AF-4A4CC753AD90}.Debug|x86.Build.0 = Debug|Any CPU
		{9830C585-C393-484A-B9AF-4A4CC753AD90}.Release|Any CPU.ActiveCfg = Release|Any CPU
		{9830C585-C393-484A-B9AF-4A4CC753AD90}.Release|Any CPU.Build.0 = Release|Any CPU
		{9830C585-C393-484A-B9AF-4A4CC753AD90}.Release|x64.ActiveCfg = Release|Any CPU
		{9830C585-C393-484A-B9AF-4A4CC753AD90}.Release|x64.Build.0 = Release|Any CPU
		{9830C585-C393-484A-B9AF-4A4CC753AD90}.Release|x86.ActiveCfg = Release|Any CPU
		{9830C585-C393-484A-B9AF-4A4CC753AD90}.Release|x86.Build.0 = Release|Any CPU
		{94FE4811-BD25-4970-9D9F-FDC616305A25}.Debug|Any CPU.ActiveCfg = Debug|Any CPU
		{94FE4811-BD25-4970-9D9F-FDC616305A25}.Debug|Any CPU.Build.0 = Debug|Any CPU
		{94FE4811-BD25-4970-9D9F-FDC616305A25}.Debug|x64.ActiveCfg = Debug|Any CPU
		{94FE4811-BD25-4970-9D9F-FDC616305A25}.Debug|x64.Build.0 = Debug|Any CPU
		{94FE4811-BD25-4970-9D9F-FDC616305A25}.Debug|x86.ActiveCfg = Debug|Any CPU
		{94FE4811-BD25-4970-9D9F-FDC616305A25}.Debug|x86.Build.0 = Debug|Any CPU
		{94FE4811-BD25-4970-9D9F-FDC616305A25}.Release|Any CPU.ActiveCfg = Release|Any CPU
		{94FE4811-BD25-4970-9D9F-FDC616305A25}.Release|Any CPU.Build.0 = Release|Any CPU
		{94FE4811-BD25-4970-9D9F-FDC616305A25}.Release|x64.ActiveCfg = Release|Any CPU
		{94FE4811-BD25-4970-9D9F-FDC616305A25}.Release|x64.Build.0 = Release|Any CPU
		{94FE4811-BD25-4970-9D9F-FDC616305A25}.Release|x86.ActiveCfg = Release|Any CPU
		{94FE4811-BD25-4970-9D9F-FDC616305A25}.Release|x86.Build.0 = Release|Any CPU
		{0E5842E0-649A-40C1-AA4F-F5B86A58AA4F}.Debug|Any CPU.ActiveCfg = Debug|Any CPU
		{0E5842E0-649A-40C1-AA4F-F5B86A58AA4F}.Debug|Any CPU.Build.0 = Debug|Any CPU
		{0E5842E0-649A-40C1-AA4F-F5B86A58AA4F}.Debug|x64.ActiveCfg = Debug|Any CPU
		{0E5842E0-649A-40C1-AA4F-F5B86A58AA4F}.Debug|x64.Build.0 = Debug|Any CPU
		{0E5842E0-649A-40C1-AA4F-F5B86A58AA4F}.Debug|x86.ActiveCfg = Debug|Any CPU
		{0E5842E0-649A-40C1-AA4F-F5B86A58AA4F}.Debug|x86.Build.0 = Debug|Any CPU
		{0E5842E0-649A-40C1-AA4F-F5B86A58AA4F}.Release|Any CPU.ActiveCfg = Release|Any CPU
		{0E5842E0-649A-40C1-AA4F-F5B86A58AA4F}.Release|Any CPU.Build.0 = Release|Any CPU
		{0E5842E0-649A-40C1-AA4F-F5B86A58AA4F}.Release|x64.ActiveCfg = Release|Any CPU
		{0E5842E0-649A-40C1-AA4F-F5B86A58AA4F}.Release|x64.Build.0 = Release|Any CPU
		{0E5842E0-649A-40C1-AA4F-F5B86A58AA4F}.Release|x86.ActiveCfg = Release|Any CPU
		{0E5842E0-649A-40C1-AA4F-F5B86A58AA4F}.Release|x86.Build.0 = Release|Any CPU
	EndGlobalSection
EndGlobal
